{
  "name": "token",
  "version": "1.0.0",
  "lockfileVersion": 3,
  "requires": true,
  "packages": {
    "": {
      "name": "token",
      "version": "1.0.0",
      "license": "ISC",
      "dependencies": {
        "tiktoken": "^1.0.20"
      }
    },
    "node_modules/tiktoken": {
      "version": "1.0.20",
      "resolved": "https://registry.npmjs.org/tiktoken/-/tiktoken-1.0.20.tgz",
      "integrity": "sha512-zVIpXp84kth/Ni2me1uYlJgl2RZ2EjxwDaWLeDY/s6fZiyO9n1QoTOM5P7ZSYfToPvAvwYNMbg5LETVYVKyzfQ==",
      "license": "MIT"
    }
  }
}
